// !$*UTF8*$!
{
	archiveVersion = 1;
	classes = {
	};
	objectVersion = 50;
	objects = {

/* Begin PBXBuildFile section */
		8110315F2655B6FF00B21018 /* CustomActivity.swift in Sources */ = {isa = PBXBuildFile; fileRef = 8110315E2655B6FF00B21018 /* CustomActivity.swift */; };
		81E47CC32652DD0200E8F2FC /* AppDelegate.swift in Sources */ = {isa = PBXBuildFile; fileRef = 81E47CC22652DD0200E8F2FC /* AppDelegate.swift */; };
		81E47CC72652DD0200E8F2FC /* ViewController.swift in Sources */ = {isa = PBXBuildFile; fileRef = 81E47CC62652DD0200E8F2FC /* ViewController.swift */; };
		81E47CCC2652DD0A00E8F2FC /* Assets.xcassets in Resources */ = {isa = PBXBuildFile; fileRef = 81E47CCB2652DD0A00E8F2FC /* Assets.xcassets */; };
		81E47CCF2652DD0A00E8F2FC /* LaunchScreen.storyboard in Resources */ = {isa = PBXBuildFile; fileRef = 81E47CCD2652DD0A00E8F2FC /* LaunchScreen.storyboard */; };
/* End PBXBuildFile section */

/* Begin PBXFileReference section */
		8110315E2655B6FF00B21018 /* CustomActivity.swift */ = {isa = PBXFileReference; lastKnownFileType = sourcecode.swift; path = CustomActivity.swift; sourceTree = "<group>"; };
		81E47CBF2652DD0200E8F2FC /* Lec11.app */ = {isa = PBXFileReference; explicitFileType = wrapper.application; includeInIndex = 0; path = Lec11.app; sourceTree = BUILT_PRODUCTS_DIR; };
		81E47CC22652DD0200E8F2FC /* AppDelegate.swift */ = {isa = PBXFileReference; lastKnownFileType = sourcecode.swift; path = AppDelegate.swift; sourceTree = "<group>"; };
		81E47CC62652DD0200E8F2FC /* ViewController.swift */ = {isa = PBXFileReference; lastKnownFileType = sourcecode.swift; path = ViewController.swift; sourceTree = "<group>"; };
		81E47CCB2652DD0A00E8F2FC /* Assets.xcassets */ = {isa = PBXFileReference; lastKnownFileType = folder.assetcatalog; path = Assets.xcassets; sourceTree = "<group>"; };
		81E47CCE2652DD0A00E8F2FC /* Base */ = {isa = PBXFileReference; lastKnownFileType = file.storyboard; name = Base; path = Base.lproj/LaunchScreen.storyboard; sourceTree = "<group>"; };
		81E47CD02652DD0A00E8F2FC /* Info.plist */ = {isa = PBXFileReference; lastKnownFileType = text.plist.xml; path = Info.plist; sourceTree = "<group>"; };
/* End PBXFileReference section */

/* Begin PBXFrameworksBuildPhase section */
		81E47CBC2652DD0200E8F2FC /* Frameworks */ = {
			isa = PBXFrameworksBuildPhase;
			buildActionMask = 2147483647;
			files = (
			);
			runOnlyForDeploymentPostprocessing = 0;
		};
/* End PBXFrameworksBuildPhase section */

/* Begin PBXGroup section */
		81E47CB62652DD0200E8F2FC = {
			isa = PBXGroup;
			children = (
				81E47CC12652DD0200E8F2FC /* Lec11 */,
				81E47CC02652DD0200E8F2FC /* Products */,
			);
			sourceTree = "<group>";
		};
		81E47CC02652DD0200E8F2FC /* Products */ = {
			isa = PBXGroup;
			children = (
				81E47CBF2652DD0200E8F2FC /* Lec11.app */,
			);
			name = Products;
			sourceTree = "<group>";
		};
		81E47CC12652DD0200E8F2FC /* Lec11 */ = {
			isa = PBXGroup;
			children = (
				81E47CC22652DD0200E8F2FC /* AppDelegate.swift */,
				81E47CC62652DD0200E8F2FC /* ViewController.swift */,
				8110315E2655B6FF00B21018 /* CustomActivity.swift */,
				81E47CCB2652DD0A00E8F2FC /* Assets.xcassets */,
				81E47CCD2652DD0A00E8F2FC /* LaunchScreen.storyboard */,
				81E47CD02652DD0A00E8F2FC /* Info.plist */,
			);
			path = Lec11;
			sourceTree = "<group>";
		};
/* End PBXGroup section */

/* Begin PBXNativeTarget section */
		81E47CBE2652DD0200E8F2FC /* Lec11 */ = {
			isa = PBXNativeTarget;
			buildConfigurationList = 81E47CD32652DD0A00E8F2FC /* Build configuration list for PBXNativeTarget "Lec11" */;
			buildPhases = (
				81E47CBB2652DD0200E8F2FC /* Sources */,
				81E47CBC2652DD0200E8F2FC /* Frameworks */,
				81E47CBD2652DD0200E8F2FC /* Resources */,
			);
			buildRules = (
			);
			dependencies = (
			);
			name = Lec11;
			productName = Lec11;
			productReference = 81E47CBF2652DD0200E8F2FC /* Lec11.app */;
			productType = "com.apple.product-type.application";
		};
/* End PBXNativeTarget section */

/* Begin PBXProject section */
		81E47CB72652DD0200E8F2FC /* Project object */ = {
			isa = PBXProject;
			attributes = {
				LastSwiftUpdateCheck = 1240;
				LastUpgradeCheck = 1240;
				TargetAttributes = {
					81E47CBE2652DD0200E8F2FC = {
						CreatedOnToolsVersion = 12.4;
					};
				};
			};
			buildConfigurationList = 81E47CBA2652DD0200E8F2FC /* Build configuration list for PBXProject "Lec11" */;
			compatibilityVersion = "Xcode 9.3";
			developmentRegion = en;
			hasScannedForEncodings = 0;
			knownRegions = (
				en,
				Base,
			);
			mainGroup = 81E47CB62652DD0200E8F2FC;
			productRefGroup = 81E47CC02652DD0200E8F2FC /* Products */;
			projectDirPath = "";
			projectRoot = "";
			targets = (
				81E47CBE2652DD0200E8F2FC /* Lec11 */,
			);
		};
/* End PBXProject section */

/* Begin PBXResourcesBuildPhase section */
		81E47CBD2652DD0200E8F2FC /* Resources */ = {
			isa = PBXResourcesBuildPhase;
			buildActionMask = 2147483647;
			files = (
				81E47CCF2652DD0A00E8F2FC /* LaunchScreen.storyboard in Resources */,
				81E47CCC2652DD0A00E8F2FC /* Assets.xcassets in Resources */,
			);
			runOnlyForDeploymentPostprocessing = 0;
		};
/* End PBXResourcesBuildPhase section */

/* Begin PBXSourcesBuildPhase section */
		81E47CBB2652DD0200E8F2FC /* Sources */ = {
			isa = PBXSourcesBuildPhase;
			buildActionMask = 2147483647;
			files = (
				8110315F2655B6FF00B21018 /* CustomActivity.swift in Sources */,
				81E47CC72652DD0200E8F2FC /* ViewController.swift in Sources */,
				81E47CC32652DD0200E8F2FC /* AppDelegate.swift in Sources */,
			);
			runOnlyForDeploymentPostprocessing = 0;
		};
/* End PBXSourcesBuildPhase section */

/* Begin PBXVariantGroup section */
		81E47CCD2652DD0A00E8F2FC /* LaunchScreen.storyboard */ = {
			isa = PBXVariantGroup;
			children = (
				81E47CCE2652DD0A00E8F2FC /* Base */,
			);
			name = LaunchScreen.storyboard;
			sourceTree = "<group>";
		};
/* End PBXVariantGroup section */

/* Begin XCBuildConfiguration section */
		81E47CD12652DD0A00E8F2FC /* Debug */ = {
			isa = XCBuildConfiguration;
			buildSettings = {
				ALWAYS_SEARCH_USER_PATHS = NO;
				CLANG_ANALYZER_NONNULL = YES;
				CLANG_ANALYZER_NUMBER_OBJECT_CONVERSION = YES_AGGRESSIVE;
				CLANG_CXX_LANGUAGE_STANDARD = "gnu++14";
				CLANG_CXX_LIBRARY = "libc++";
				CLANG_ENABLE_MODULES = YES;
				CLANG_ENABLE_OBJC_ARC = YES;
				CLANG_ENABLE_OBJC_WEAK = YES;
				CLANG_WARN_BLOCK_CAPTURE_AUTORELEASING = YES;
				CLANG_WARN_BOOL_CONVERSION = YES;
				CLANG_WARN_COMMA = YES;
				CLANG_WARN_CONSTANT_CONVERSION = YES;
				CLANG_WARN_DEPRECATED_OBJC_IMPLEMENTATIONS = YES;
				CLANG_WARN_DIRECT_OBJC_ISA_USAGE = YES_ERROR;
				CLANG_WARN_DOCUMENTATION_COMMENTS = YES;
				CLANG_WARN_EMPTY_BODY = YES;
				CLANG_WARN_ENUM_CONVERSION = YES;
				CLANG_WARN_INFINITE_RECURSION = YES;
				CLANG_WARN_INT_CONVERSION = YES;
				CLANG_WARN_NON_LITERAL_NULL_CONVERSION = YES;
				CLANG_WARN_OBJC_IMPLICIT_RETAIN_SELF = YES;
				CLANG_WARN_OBJC_LITERAL_CONVERSION = YES;
				CLANG_WARN_OBJC_ROOT_CLASS = YES_ERROR;
				CLANG_WARN_QUOTED_INCLUDE_IN_FRAMEWORK_HEADER = YES;
				CLANG_WARN_RANGE_LOOP_ANALYSIS = YES;
				CLANG_WARN_STRICT_PROTOTYPES = YES;
				CLANG_WARN_SUSPICIOUS_MOVE = YES;
				CLANG_WARN_UNGUARDED_AVAILABILITY = YES_AGGRESSIVE;
				CLANG_WARN_UNREACHABLE_CODE = YES;
				CLANG_WARN__DUPLICATE_METHOD_MATCH = YES;
				COPY_PHASE_STRIP = NO;
				DEBUG_INFORMATION_FORMAT = dwarf;
				ENABLE_STRICT_OBJC_MSGSEND = YES;
				ENABLE_TESTABILITY = YES;
				GCC_C_LANGUAGE_STANDARD = gnu11;
				GCC_DYNAMIC_NO_PIC = NO;
				GCC_NO_COMMON_BLOCKS = YES;
				GCC_OPTIMIZATION_LEVEL = 0;
				GCC_PREPROCESSOR_DEFINITIONS = (
					"DEBUG=1",
					"$(inherited)",
				);
				GCC_WARN_64_TO_32_BIT_CONVERSION = YES;
				GCC_WARN_ABOUT_RETURN_TYPE = YES_ERROR;
				GCC_WARN_UNDECLARED_SELECTOR = YES;
				GCC_WARN_UNINITIALIZED_AUTOS = YES_AGGRESSIVE;
				GCC_WARN_UNUSED_FUNCTION = YES;
				GCC_WARN_UNUSED_VARIABLE = YES;
				IPHONEOS_DEPLOYMENT_TARGET = 14.4;
				MTL_ENABLE_DEBUG_INFO = INCLUDE_SOURCE;
				MTL_FAST_MATH = YES;
				ONLY_ACTIVE_ARCH = YES;
				SDKROOT = iphoneos;
				SWIFT_ACTIVE_COMPILATION_CONDITIONS = DEBUG;
				SWIFT_OPTIMIZATION_LEVEL = "-Onone";
			};
			name = Debug;
		};
		81E47CD22652DD0A00E8F2FC /* Release */ = {
			isa = XCBuildConfiguration;
			buildSettings = {
				ALWAYS_SEARCH_USER_PATHS = NO;
				CLANG_ANALYZER_NONNULL = YES;
				CLANG_ANALYZER_NUMBER_OBJECT_CONVERSION = YES_AGGRESSIVE;
				CLANG_CXX_LANGUAGE_STANDARD = "gnu++14";
				CLANG_CXX_LIBRARY = "libc++";
				CLANG_ENABLE_MODULES = YES;
				CLANG_ENABLE_OBJC_ARC = YES;
				CLANG_ENABLE_OBJC_WEAK = YES;
				CLANG_WARN_BLOCK_CAPTURE_AUTORELEASING = YES;
				CLANG_WARN_BOOL_CONVERSION = YES;
				CLANG_WARN_COMMA = YES;
				CLANG_WARN_CONSTANT_CONVERSION = YES;
				CLANG_WARN_DEPRECATED_OBJC_IMPLEMENTATIONS = YES;
				CLANG_WARN_DIRECT_OBJC_ISA_USAGE = YES_ERROR;
				CLANG_WARN_DOCUMENTATION_COMMENTS = YES;
				CLANG_WARN_EMPTY_BODY = YES;
				CLANG_WARN_ENUM_CONVERSION = YES;
				CLANG_WARN_INFINITE_RECURSION = YES;
				CLANG_WARN_INT_CONVERSION = YES;
				CLANG_WARN_NON_LITERAL_NULL_CONVERSION = YES;
				CLANG_WARN_OBJC_IMPLICIT_RETAIN_SELF = YES;
				CLANG_WARN_OBJC_LITERAL_CONVERSION = YES;
				CLANG_WARN_OBJC_ROOT_CLASS = YES_ERROR;
				CLANG_WARN_QUOTED_INCLUDE_IN_FRAMEWORK_HEADER = YES;
				CLANG_WARN_RANGE_LOOP_ANALYSIS = YES;
				CLANG_WARN_STRICT_PROTOTYPES = YES;
				CLANG_WARN_SUSPICIOUS_MOVE = YES;
				CLANG_WARN_UNGUARDED_AVAILABILITY = YES_AGGRESSIVE;
				CLANG_WARN_UNREACHABLE_CODE = YES;
				CLANG_WARN__DUPLICATE_METHOD_MATCH = YES;
				COPY_PHASE_STRIP = NO;
				DEBUG_INFORMATION_FORMAT = "dwarf-with-dsym";
				ENABLE_NS_ASSERTIONS = NO;
				ENABLE_STRICT_OBJC_MSGSEND = YES;
				GCC_C_LANGUAGE_STANDARD = gnu11;
				GCC_NO_COMMON_BLOCKS = YES;
				GCC_WARN_64_TO_32_BIT_CONVERSION = YES;
				GCC_WARN_ABOUT_RETURN_TYPE = YES_ERROR;
				GCC_WARN_UNDECLARED_SELECTOR = YES;
				GCC_WARN_UNINITIALIZED_AUTOS = YES_AGGRESSIVE;
				GCC_WARN_UNUSED_FUNCTION = YES;
				GCC_WARN_UNUSED_VARIABLE = YES;
				IPHONEOS_DEPLOYMENT_TARGET = 14.4;
				MTL_ENABLE_DEBUG_INFO = NO;
				MTL_FAST_MATH = YES;
				SDKROOT = iphoneos;
				SWIFT_COMPILATION_MODE = wholemodule;
				SWIFT_OPTIMIZATION_LEVEL = "-O";
				VALIDATE_PRODUCT = YES;
			};
			name = Release;
		};
		81E47CD42652DD0A00E8F2FC /* Debug */ = {
			isa = XCBuildConfiguration;
			buildSettings = {
				ASSETCATALOG_COMPILER_APPICON_NAME = AppIcon;
				ASSETCATALOG_COMPILER_GLOBAL_ACCENT_COLOR_NAME = AccentColor;
				CODE_SIGN_STYLE = Automatic;
				DEVELOPMENT_TEAM = 2ADC59L5NT;
				INFOPLIST_FILE = Lec11/Info.plist;
				LD_RUNPATH_SEARCH_PATHS = (
					"$(inherited)",
					"@executable_path/Frameworks",
				);
				PRODUCT_BUNDLE_IDENTIFIER = badyi.Lec11;
				PRODUCT_NAME = "$(TARGET_NAME)";
				SWIFT_VERSION = 5.0;
				TARGETED_DEVICE_FAMILY = "1,2";
			};
			name = Debug;
		};
		81E47CD52652DD0A00E8F2FC /* Release */ = {
			isa = XCBuildConfiguration;
			buildSettings = {
				ASSETCATALOG_COMPILER_APPICON_NAME = AppIcon;
				ASSETCATALOG_COMPILER_GLOBAL_ACCENT_COLOR_NAME = AccentColor;
				CODE_SIGN_STYLE = Automatic;
				DEVELOPMENT_TEAM = 2ADC59L5NT;
				INFOPLIST_FILE = Lec11/Info.plist;
				LD_RUNPATH_SEARCH_PATHS = (
					"$(inherited)",
					"@executable_path/Frameworks",
				);
				PRODUCT_BUNDLE_IDENTIFIER = badyi.Lec11;
				PRODUCT_NAME = "$(TARGET_NAME)";
				SWIFT_VERSION = 5.0;
				TARGETED_DEVICE_FAMILY = "1,2";
			};
			name = Release;
		};
/* End XCBuildConfiguration section */

/* Begin XCConfigurationList section */
		81E47CBA2652DD0200E8F2FC /* Build configuration list for PBXProject "Lec11" */ = {
			isa = XCConfigurationList;
			buildConfigurations = (
				81E47CD12652DD0A00E8F2FC /* Debug */,
				81E47CD22652DD0A00E8F2FC /* Release */,
			);
			defaultConfigurationIsVisible = 0;
			defaultConfigurationName = Release;
		};
		81E47CD32652DD0A00E8F2FC /* Build configuration list for PBXNativeTarget "Lec11" */ = {
			isa = XCConfigurationList;
			buildConfigurations = (
				81E47CD42652DD0A00E8F2FC /* Debug */,
				81E47CD52652DD0A00E8F2FC /* Release */,
			);
			defaultConfigurationIsVisible = 0;
			defaultConfigurationName = Release;
		};
/* End XCConfigurationList section */
	};
	rootObject = 81E47CB72652DD0200E8F2FC /* Project object */;
}
